
Microsoft Visual Studio Solution File, Format Version 12.00
# Visual Studio Version 16
VisualStudioVersion = 16.0.29102.190
MinimumVisualStudioVersion = 10.0.40219.1
Project("{9A19103F-16F7-4668-BE54-9A1E7A4F7556}") = "DesafioArquivei", "DesafioArquivei\DesafioArquivei.csproj", "{9970F93C-8EEB-4CF0-8BC1-BB20654A38C0}"
EndProject
Project("{9A19103F-16F7-4668-BE54-9A1E7A4F7556}") = "Entity", "Entity\Entity.csproj", "{90E096BA-00C6-46F1-A5E3-74AD1BEB22DA}"
EndProject
Project("{9A19103F-16F7-4668-BE54-9A1E7A4F7556}") = "Receiver", "Receiver\Receiver.csproj", "{A0700202-3D3B-4C2E-9D48-06532EA31782}"
EndProject
Project("{FAE04EC0-301F-11D3-BF4B-00C04F79EFBC}") = "DAO", "DAO\DAO.csproj", "{93874AD4-D9D6-43C9-95B6-E9005744C321}"
EndProject
Global
	GlobalSection(SolutionConfigurationPlatforms) = preSolution
		Debug|Any CPU = Debug|Any CPU
		Release|Any CPU = Release|Any CPU
	EndGlobalSection
	GlobalSection(ProjectConfigurationPlatforms) = postSolution
		{9970F93C-8EEB-4CF0-8BC1-BB20654A38C0}.Debug|Any CPU.ActiveCfg = Debug|Any CPU
		{9970F93C-8EEB-4CF0-8BC1-BB20654A38C0}.Debug|Any CPU.Build.0 = Debug|Any CPU
		{9970F93C-8EEB-4CF0-8BC1-BB20654A38C0}.Release|Any CPU.ActiveCfg = Release|Any CPU
		{9970F93C-8EEB-4CF0-8BC1-BB20654A38C0}.Release|Any CPU.Build.0 = Release|Any CPU
		{90E096BA-00C6-46F1-A5E3-74AD1BEB22DA}.Debug|Any CPU.ActiveCfg = Debug|Any CPU
		{90E096BA-00C6-46F1-A5E3-74AD1BEB22DA}.Debug|Any CPU.Build.0 = Debug|Any CPU
		{90E096BA-00C6-46F1-A5E3-74AD1BEB22DA}.Release|Any CPU.ActiveCfg = Release|Any CPU
		{90E096BA-00C6-46F1-A5E3-74AD1BEB22DA}.Release|Any CPU.Build.0 = Release|Any CPU
		{A0700202-3D3B-4C2E-9D48-06532EA31782}.Debug|Any CPU.ActiveCfg = Debug|Any CPU
		{A0700202-3D3B-4C2E-9D48-06532EA31782}.Debug|Any CPU.Build.0 = Debug|Any CPU
		{A0700202-3D3B-4C2E-9D48-06532EA31782}.Release|Any CPU.ActiveCfg = Release|Any CPU
		{A0700202-3D3B-4C2E-9D48-06532EA31782}.Release|Any CPU.Build.0 = Release|Any CPU
		{93874AD4-D9D6-43C9-95B6-E9005744C321}.Debug|Any CPU.ActiveCfg = Debug|Any CPU
		{93874AD4-D9D6-43C9-95B6-E9005744C321}.Debug|Any CPU.Build.0 = Debug|Any CPU
		{93874AD4-D9D6-43C9-95B6-E9005744C321}.Release|Any CPU.ActiveCfg = Release|Any CPU
		{93874AD4-D9D6-43C9-95B6-E9005744C321}.Release|Any CPU.Build.0 = Release|Any CPU
	EndGlobalSection
	GlobalSection(SolutionProperties) = preSolution
		HideSolutionNode = FALSE
	EndGlobalSection
	GlobalSection(ExtensibilityGlobals) = postSolution
		SolutionGuid = {7AA5A128-EE27-41E5-B47F-666E74803E1B}
	EndGlobalSection
EndGlobal
